
Microsoft Visual Studio Solution File, Format Version 12.00
# Visual Studio 2013
VisualStudioVersion = 12.0.40629.0
MinimumVisualStudioVersion = 10.0.40219.1
Project("{FAE04EC0-301F-11D3-BF4B-00C04F79EFBC}") = "Glyph", "Glyph\Glyph.csproj", "{457CBBF3-26C7-478B-B4EB-1F85FF3C07F5}"
EndProject
Project("{FAE04EC0-301F-11D3-BF4B-00C04F79EFBC}") = "Glyph.Audio", "Glyph.Audio\Glyph.Audio.csproj", "{46AA8A4B-5A43-45F3-99E4-B7BAD0D47FEA}"
EndProject
Project("{FAE04EC0-301F-11D3-BF4B-00C04F79EFBC}") = "Glyph.Game", "Glyph.Game\Glyph.Game.csproj", "{618DD39A-686C-4B91-BB24-BD9334109335}"
EndProject
Project("{FAE04EC0-301F-11D3-BF4B-00C04F79EFBC}") = "Glyph.Tools", "Glyph.Tools\Glyph.Tools.csproj", "{6692F3F4-E1EA-4D53-B0A1-2DBA67414FC2}"
EndProject
Project("{FAE04EC0-301F-11D3-BF4B-00C04F79EFBC}") = "Glyph.Entities", "Glyph.Entities\Glyph.Entities.csproj", "{729CF52C-D06C-42FD-A2EE-6C19E07D185F}"
EndProject
Project("{FAE04EC0-301F-11D3-BF4B-00C04F79EFBC}") = "Glyph.Input", "Glyph.Input\Glyph.Input.csproj", "{C0D6FD93-B1EB-4877-8125-A69BC3C2795A}"
EndProject
Project("{FAE04EC0-301F-11D3-BF4B-00C04F79EFBC}") = "Glyph.Localization", "Glyph.Localization\Glyph.Localization.csproj", "{1F7A7855-3E63-45CD-907A-D23AA61A02D2}"
EndProject
Project("{FAE04EC0-301F-11D3-BF4B-00C04F79EFBC}") = "Glyph.UI", "Glyph.UI\Glyph.UI.csproj", "{47E66422-AEFC-4B28-92C3-356FFD2E783C}"
EndProject
Project("{FAE04EC0-301F-11D3-BF4B-00C04F79EFBC}") = "Glyph.Pathfinder", "Glyph.Pathfinder\Glyph.Pathfinder.csproj", "{3B5924E0-88F2-4190-A74E-D3F324A8314E}"
EndProject
Project("{FAE04EC0-301F-11D3-BF4B-00C04F79EFBC}") = "Glyph.Entities.Platform", "Glyph.Entities.Platform\Glyph.Entities.Platform.csproj", "{55586466-7244-4A07-BFCD-1B20E52DAB86}"
EndProject
Project("{FAE04EC0-301F-11D3-BF4B-00C04F79EFBC}") = "Glyph.Scripting", "Glyph.Scripting\Glyph.Scripting.csproj", "{71BD4FA9-4CA8-426B-92D0-D32CF9D40794}"
EndProject
Project("{2150E333-8FDC-42A3-9474-1A3956D46DE8}") = "Diese", "Diese", "{4F6AEC3A-15F3-46F8-8AE2-0FF105D92960}"
EndProject
Project("{FAE04EC0-301F-11D3-BF4B-00C04F79EFBC}") = "Diese.Debug", "External\Diese\Diese.Debug\Diese.Debug.csproj", "{CF81F12F-4EFA-4A26-9853-DF86973533CE}"
EndProject
Project("{FAE04EC0-301F-11D3-BF4B-00C04F79EFBC}") = "Diese.Modelization", "External\Diese\Diese.Modelization\Diese.Modelization.csproj", "{0781AD0F-EB0F-442E-9A1C-34C2AA9319FD}"
EndProject
Project("{FAE04EC0-301F-11D3-BF4B-00C04F79EFBC}") = "Diese.Serialization", "External\Diese\Diese.Serialization\Diese.Serialization.csproj", "{4AE2D764-4161-453D-8B2D-BD66607EC27A}"
EndProject
Project("{2150E333-8FDC-42A3-9474-1A3956D46DE8}") = ".nuget", ".nuget", "{F31F1E89-B248-4F40-9C3A-8AF372451E40}"
	ProjectSection(SolutionItems) = preProject
		.nuget\NuGet.Config = .nuget\NuGet.Config
		.nuget\NuGet.exe = .nuget\NuGet.exe
		.nuget\NuGet.targets = .nuget\NuGet.targets
	EndProjectSection
EndProject
Project("{FAE04EC0-301F-11D3-BF4B-00C04F79EFBC}") = "Diese.Lua", "External\Diese\Diese.Lua\Diese.Lua.csproj", "{E2707575-12C2-4CE6-B8E4-E7EFD8D4E301}"
EndProject
Project("{FAE04EC0-301F-11D3-BF4B-00C04F79EFBC}") = "Diese.Composition", "External\Diese\Diese.Composition\Diese.Composition.csproj", "{E8D6F663-89A6-497F-A02F-D0FC562D2D0E}"
EndProject
Project("{FAE04EC0-301F-11D3-BF4B-00C04F79EFBC}") = "Glyph.Effects", "Glyph.Effects\Glyph.Effects.csproj", "{C1E7FE9C-0D98-4F1C-A6B2-11DFDB431F8A}"
EndProject
Project("{FAE04EC0-301F-11D3-BF4B-00C04F79EFBC}") = "Glyph.Animation", "Glyph.Animation\Glyph.Animation.csproj", "{2384DA3A-F989-4B1B-9044-A005CE8F4AB6}"
EndProject
Project("{FAE04EC0-301F-11D3-BF4B-00C04F79EFBC}") = "Glyph.Graphics", "Glyph.Graphics\Glyph.Graphics.csproj", "{CC4D895F-646F-43C8-B25E-81CF5803ED7A}"
EndProject
Project("{FAE04EC0-301F-11D3-BF4B-00C04F79EFBC}") = "Diese.Injection", "External\Diese\Diese.Injection\Diese.Injection.csproj", "{6ADD41DC-F168-43C4-AD4E-F6B8218D8F7C}"
EndProject
Project("{FAE04EC0-301F-11D3-BF4B-00C04F79EFBC}") = "Glyph.Composition", "Glyph.Composition\Glyph.Composition.csproj", "{8D4F4138-EB36-4427-9A2B-10A50723268C}"
EndProject
Project("{FAE04EC0-301F-11D3-BF4B-00C04F79EFBC}") = "Diese.Graph", "External\Diese\Diese.Graph\Diese.Graph.csproj", "{BBC6C938-95A5-4CBF-AA6B-DA2A9A09C4F1}"
EndProject
Project("{FAE04EC0-301F-11D3-BF4B-00C04F79EFBC}") = "Glyph.Application", "Glyph.Application\Glyph.Application.csproj", "{5D6CC7F3-0720-4242-A0FB-678E7D76F147}"
EndProject
Project("{FAE04EC0-301F-11D3-BF4B-00C04F79EFBC}") = "Glyph.Physics", "Glyph.Physics\Glyph.Physics.csproj", "{008028BF-EE7E-4D70-8FD5-14EC3AFA26DA}"
EndProject
Project("{FAE04EC0-301F-11D3-BF4B-00C04F79EFBC}") = "Glyph.Math", "Glyph.Math\Glyph.Math.csproj", "{43692EE3-467A-41C9-8C18-9E7FCF7CC9DC}"
EndProject
Project("{FAE04EC0-301F-11D3-BF4B-00C04F79EFBC}") = "Glyph.Messaging", "Glyph.Messaging\Glyph.Messaging.csproj", "{26405F4B-4532-4F48-A96F-594A70C12B3E}"
EndProject
Project("{FAE04EC0-301F-11D3-BF4B-00C04F79EFBC}") = "Glyph.Space", "Glyph.Space\Glyph.Space.csproj", "{068202CC-E943-4718-9771-62D72E50623E}"
EndProject
Global
	GlobalSection(SolutionConfigurationPlatforms) = preSolution
		Debug|Any CPU = Debug|Any CPU
		Release|Any CPU = Release|Any CPU
	EndGlobalSection
	GlobalSection(ProjectConfigurationPlatforms) = postSolution
		{457CBBF3-26C7-478B-B4EB-1F85FF3C07F5}.Debug|Any CPU.ActiveCfg = Debug|Any CPU
		{457CBBF3-26C7-478B-B4EB-1F85FF3C07F5}.Debug|Any CPU.Build.0 = Debug|Any CPU
		{457CBBF3-26C7-478B-B4EB-1F85FF3C07F5}.Release|Any CPU.ActiveCfg = Release|Any CPU
		{457CBBF3-26C7-478B-B4EB-1F85FF3C07F5}.Release|Any CPU.Build.0 = Release|Any CPU
		{46AA8A4B-5A43-45F3-99E4-B7BAD0D47FEA}.Debug|Any CPU.ActiveCfg = Debug|Any CPU
		{46AA8A4B-5A43-45F3-99E4-B7BAD0D47FEA}.Debug|Any CPU.Build.0 = Debug|Any CPU
		{46AA8A4B-5A43-45F3-99E4-B7BAD0D47FEA}.Release|Any CPU.ActiveCfg = Release|Any CPU
		{46AA8A4B-5A43-45F3-99E4-B7BAD0D47FEA}.Release|Any CPU.Build.0 = Release|Any CPU
		{618DD39A-686C-4B91-BB24-BD9334109335}.Debug|Any CPU.ActiveCfg = Debug|Any CPU
		{618DD39A-686C-4B91-BB24-BD9334109335}.Debug|Any CPU.Build.0 = Debug|Any CPU
		{618DD39A-686C-4B91-BB24-BD9334109335}.Release|Any CPU.ActiveCfg = Release|Any CPU
		{618DD39A-686C-4B91-BB24-BD9334109335}.Release|Any CPU.Build.0 = Release|Any CPU
		{6692F3F4-E1EA-4D53-B0A1-2DBA67414FC2}.Debug|Any CPU.ActiveCfg = Debug|Any CPU
		{6692F3F4-E1EA-4D53-B0A1-2DBA67414FC2}.Debug|Any CPU.Build.0 = Debug|Any CPU
		{6692F3F4-E1EA-4D53-B0A1-2DBA67414FC2}.Release|Any CPU.ActiveCfg = Release|Any CPU
		{6692F3F4-E1EA-4D53-B0A1-2DBA67414FC2}.Release|Any CPU.Build.0 = Release|Any CPU
		{729CF52C-D06C-42FD-A2EE-6C19E07D185F}.Debug|Any CPU.ActiveCfg = Debug|Any CPU
		{729CF52C-D06C-42FD-A2EE-6C19E07D185F}.Debug|Any CPU.Build.0 = Debug|Any CPU
		{729CF52C-D06C-42FD-A2EE-6C19E07D185F}.Release|Any CPU.ActiveCfg = Release|Any CPU
		{729CF52C-D06C-42FD-A2EE-6C19E07D185F}.Release|Any CPU.Build.0 = Release|Any CPU
		{C0D6FD93-B1EB-4877-8125-A69BC3C2795A}.Debug|Any CPU.ActiveCfg = Debug|Any CPU
		{C0D6FD93-B1EB-4877-8125-A69BC3C2795A}.Debug|Any CPU.Build.0 = Debug|Any CPU
		{C0D6FD93-B1EB-4877-8125-A69BC3C2795A}.Release|Any CPU.ActiveCfg = Release|Any CPU
		{C0D6FD93-B1EB-4877-8125-A69BC3C2795A}.Release|Any CPU.Build.0 = Release|Any CPU
		{1F7A7855-3E63-45CD-907A-D23AA61A02D2}.Debug|Any CPU.ActiveCfg = Debug|Any CPU
		{1F7A7855-3E63-45CD-907A-D23AA61A02D2}.Debug|Any CPU.Build.0 = Debug|Any CPU
		{1F7A7855-3E63-45CD-907A-D23AA61A02D2}.Release|Any CPU.ActiveCfg = Release|Any CPU
		{1F7A7855-3E63-45CD-907A-D23AA61A02D2}.Release|Any CPU.Build.0 = Release|Any CPU
		{47E66422-AEFC-4B28-92C3-356FFD2E783C}.Debug|Any CPU.ActiveCfg = Debug|Any CPU
		{47E66422-AEFC-4B28-92C3-356FFD2E783C}.Debug|Any CPU.Build.0 = Debug|Any CPU
		{47E66422-AEFC-4B28-92C3-356FFD2E783C}.Release|Any CPU.ActiveCfg = Release|Any CPU
		{47E66422-AEFC-4B28-92C3-356FFD2E783C}.Release|Any CPU.Build.0 = Release|Any CPU
		{3B5924E0-88F2-4190-A74E-D3F324A8314E}.Debug|Any CPU.ActiveCfg = Debug|Any CPU
		{3B5924E0-88F2-4190-A74E-D3F324A8314E}.Debug|Any CPU.Build.0 = Debug|Any CPU
		{3B5924E0-88F2-4190-A74E-D3F324A8314E}.Release|Any CPU.ActiveCfg = Release|Any CPU
		{3B5924E0-88F2-4190-A74E-D3F324A8314E}.Release|Any CPU.Build.0 = Release|Any CPU
		{55586466-7244-4A07-BFCD-1B20E52DAB86}.Debug|Any CPU.ActiveCfg = Debug|Any CPU
		{55586466-7244-4A07-BFCD-1B20E52DAB86}.Debug|Any CPU.Build.0 = Debug|Any CPU
		{55586466-7244-4A07-BFCD-1B20E52DAB86}.Release|Any CPU.ActiveCfg = Release|Any CPU
		{55586466-7244-4A07-BFCD-1B20E52DAB86}.Release|Any CPU.Build.0 = Release|Any CPU
		{71BD4FA9-4CA8-426B-92D0-D32CF9D40794}.Debug|Any CPU.ActiveCfg = Debug|Any CPU
		{71BD4FA9-4CA8-426B-92D0-D32CF9D40794}.Debug|Any CPU.Build.0 = Debug|Any CPU
		{71BD4FA9-4CA8-426B-92D0-D32CF9D40794}.Release|Any CPU.ActiveCfg = Release|Any CPU
		{71BD4FA9-4CA8-426B-92D0-D32CF9D40794}.Release|Any CPU.Build.0 = Release|Any CPU
		{CF81F12F-4EFA-4A26-9853-DF86973533CE}.Debug|Any CPU.ActiveCfg = Debug|Any CPU
		{CF81F12F-4EFA-4A26-9853-DF86973533CE}.Debug|Any CPU.Build.0 = Debug|Any CPU
		{CF81F12F-4EFA-4A26-9853-DF86973533CE}.Release|Any CPU.ActiveCfg = Release|Any CPU
		{CF81F12F-4EFA-4A26-9853-DF86973533CE}.Release|Any CPU.Build.0 = Release|Any CPU
		{0781AD0F-EB0F-442E-9A1C-34C2AA9319FD}.Debug|Any CPU.ActiveCfg = Debug|Any CPU
		{0781AD0F-EB0F-442E-9A1C-34C2AA9319FD}.Debug|Any CPU.Build.0 = Debug|Any CPU
		{0781AD0F-EB0F-442E-9A1C-34C2AA9319FD}.Release|Any CPU.ActiveCfg = Release|Any CPU
		{0781AD0F-EB0F-442E-9A1C-34C2AA9319FD}.Release|Any CPU.Build.0 = Release|Any CPU
		{4AE2D764-4161-453D-8B2D-BD66607EC27A}.Debug|Any CPU.ActiveCfg = Debug|Any CPU
		{4AE2D764-4161-453D-8B2D-BD66607EC27A}.Debug|Any CPU.Build.0 = Debug|Any CPU
		{4AE2D764-4161-453D-8B2D-BD66607EC27A}.Release|Any CPU.ActiveCfg = Release|Any CPU
		{4AE2D764-4161-453D-8B2D-BD66607EC27A}.Release|Any CPU.Build.0 = Release|Any CPU
		{E2707575-12C2-4CE6-B8E4-E7EFD8D4E301}.Debug|Any CPU.ActiveCfg = Debug|Any CPU
		{E2707575-12C2-4CE6-B8E4-E7EFD8D4E301}.Debug|Any CPU.Build.0 = Debug|Any CPU
		{E2707575-12C2-4CE6-B8E4-E7EFD8D4E301}.Release|Any CPU.ActiveCfg = Release|Any CPU
		{E2707575-12C2-4CE6-B8E4-E7EFD8D4E301}.Release|Any CPU.Build.0 = Release|Any CPU
		{E8D6F663-89A6-497F-A02F-D0FC562D2D0E}.Debug|Any CPU.ActiveCfg = Debug|Any CPU
		{E8D6F663-89A6-497F-A02F-D0FC562D2D0E}.Debug|Any CPU.Build.0 = Debug|Any CPU
		{E8D6F663-89A6-497F-A02F-D0FC562D2D0E}.Release|Any CPU.ActiveCfg = Release|Any CPU
		{E8D6F663-89A6-497F-A02F-D0FC562D2D0E}.Release|Any CPU.Build.0 = Release|Any CPU
		{C1E7FE9C-0D98-4F1C-A6B2-11DFDB431F8A}.Debug|Any CPU.ActiveCfg = Debug|Any CPU
		{C1E7FE9C-0D98-4F1C-A6B2-11DFDB431F8A}.Debug|Any CPU.Build.0 = Debug|Any CPU
		{C1E7FE9C-0D98-4F1C-A6B2-11DFDB431F8A}.Release|Any CPU.ActiveCfg = Release|Any CPU
		{C1E7FE9C-0D98-4F1C-A6B2-11DFDB431F8A}.Release|Any CPU.Build.0 = Release|Any CPU
		{2384DA3A-F989-4B1B-9044-A005CE8F4AB6}.Debug|Any CPU.ActiveCfg = Debug|Any CPU
		{2384DA3A-F989-4B1B-9044-A005CE8F4AB6}.Debug|Any CPU.Build.0 = Debug|Any CPU
		{2384DA3A-F989-4B1B-9044-A005CE8F4AB6}.Release|Any CPU.ActiveCfg = Release|Any CPU
		{2384DA3A-F989-4B1B-9044-A005CE8F4AB6}.Release|Any CPU.Build.0 = Release|Any CPU
		{CC4D895F-646F-43C8-B25E-81CF5803ED7A}.Debug|Any CPU.ActiveCfg = Debug|Any CPU
		{CC4D895F-646F-43C8-B25E-81CF5803ED7A}.Debug|Any CPU.Build.0 = Debug|Any CPU
		{CC4D895F-646F-43C8-B25E-81CF5803ED7A}.Release|Any CPU.ActiveCfg = Release|Any CPU
		{CC4D895F-646F-43C8-B25E-81CF5803ED7A}.Release|Any CPU.Build.0 = Release|Any CPU
		{6ADD41DC-F168-43C4-AD4E-F6B8218D8F7C}.Debug|Any CPU.ActiveCfg = Debug|Any CPU
		{6ADD41DC-F168-43C4-AD4E-F6B8218D8F7C}.Debug|Any CPU.Build.0 = Debug|Any CPU
		{6ADD41DC-F168-43C4-AD4E-F6B8218D8F7C}.Release|Any CPU.ActiveCfg = Release|Any CPU
		{6ADD41DC-F168-43C4-AD4E-F6B8218D8F7C}.Release|Any CPU.Build.0 = Release|Any CPU
		{8D4F4138-EB36-4427-9A2B-10A50723268C}.Debug|Any CPU.ActiveCfg = Debug|Any CPU
		{8D4F4138-EB36-4427-9A2B-10A50723268C}.Debug|Any CPU.Build.0 = Debug|Any CPU
		{8D4F4138-EB36-4427-9A2B-10A50723268C}.Release|Any CPU.ActiveCfg = Release|Any CPU
		{8D4F4138-EB36-4427-9A2B-10A50723268C}.Release|Any CPU.Build.0 = Release|Any CPU
		{BBC6C938-95A5-4CBF-AA6B-DA2A9A09C4F1}.Debug|Any CPU.ActiveCfg = Debug|Any CPU
		{BBC6C938-95A5-4CBF-AA6B-DA2A9A09C4F1}.Debug|Any CPU.Build.0 = Debug|Any CPU
		{BBC6C938-95A5-4CBF-AA6B-DA2A9A09C4F1}.Release|Any CPU.ActiveCfg = Release|Any CPU
		{BBC6C938-95A5-4CBF-AA6B-DA2A9A09C4F1}.Release|Any CPU.Build.0 = Release|Any CPU
		{5D6CC7F3-0720-4242-A0FB-678E7D76F147}.Debug|Any CPU.ActiveCfg = Debug|Any CPU
		{5D6CC7F3-0720-4242-A0FB-678E7D76F147}.Debug|Any CPU.Build.0 = Debug|Any CPU
		{5D6CC7F3-0720-4242-A0FB-678E7D76F147}.Release|Any CPU.ActiveCfg = Release|Any CPU
		{5D6CC7F3-0720-4242-A0FB-678E7D76F147}.Release|Any CPU.Build.0 = Release|Any CPU
		{008028BF-EE7E-4D70-8FD5-14EC3AFA26DA}.Debug|Any CPU.ActiveCfg = Debug|Any CPU
		{008028BF-EE7E-4D70-8FD5-14EC3AFA26DA}.Debug|Any CPU.Build.0 = Debug|Any CPU
		{008028BF-EE7E-4D70-8FD5-14EC3AFA26DA}.Release|Any CPU.ActiveCfg = Release|Any CPU
		{008028BF-EE7E-4D70-8FD5-14EC3AFA26DA}.Release|Any CPU.Build.0 = Release|Any CPU
		{43692EE3-467A-41C9-8C18-9E7FCF7CC9DC}.Debug|Any CPU.ActiveCfg = Debug|Any CPU
		{43692EE3-467A-41C9-8C18-9E7FCF7CC9DC}.Debug|Any CPU.Build.0 = Debug|Any CPU
		{43692EE3-467A-41C9-8C18-9E7FCF7CC9DC}.Release|Any CPU.ActiveCfg = Release|Any CPU
		{43692EE3-467A-41C9-8C18-9E7FCF7CC9DC}.Release|Any CPU.Build.0 = Release|Any CPU
		{26405F4B-4532-4F48-A96F-594A70C12B3E}.Debug|Any CPU.ActiveCfg = Debug|Any CPU
		{26405F4B-4532-4F48-A96F-594A70C12B3E}.Debug|Any CPU.Build.0 = Debug|Any CPU
		{26405F4B-4532-4F48-A96F-594A70C12B3E}.Release|Any CPU.ActiveCfg = Release|Any CPU
		{26405F4B-4532-4F48-A96F-594A70C12B3E}.Release|Any CPU.Build.0 = Release|Any CPU
		{068202CC-E943-4718-9771-62D72E50623E}.Debug|Any CPU.ActiveCfg = Debug|Any CPU
		{068202CC-E943-4718-9771-62D72E50623E}.Debug|Any CPU.Build.0 = Debug|Any CPU
		{068202CC-E943-4718-9771-62D72E50623E}.Release|Any CPU.ActiveCfg = Release|Any CPU
		{068202CC-E943-4718-9771-62D72E50623E}.Release|Any CPU.Build.0 = Release|Any CPU
	EndGlobalSection
	GlobalSection(SolutionProperties) = preSolution
		HideSolutionNode = FALSE
	EndGlobalSection
	GlobalSection(NestedProjects) = preSolution
		{CF81F12F-4EFA-4A26-9853-DF86973533CE} = {4F6AEC3A-15F3-46F8-8AE2-0FF105D92960}
		{0781AD0F-EB0F-442E-9A1C-34C2AA9319FD} = {4F6AEC3A-15F3-46F8-8AE2-0FF105D92960}
		{4AE2D764-4161-453D-8B2D-BD66607EC27A} = {4F6AEC3A-15F3-46F8-8AE2-0FF105D92960}
		{E2707575-12C2-4CE6-B8E4-E7EFD8D4E301} = {4F6AEC3A-15F3-46F8-8AE2-0FF105D92960}
		{E8D6F663-89A6-497F-A02F-D0FC562D2D0E} = {4F6AEC3A-15F3-46F8-8AE2-0FF105D92960}
		{6ADD41DC-F168-43C4-AD4E-F6B8218D8F7C} = {4F6AEC3A-15F3-46F8-8AE2-0FF105D92960}
		{BBC6C938-95A5-4CBF-AA6B-DA2A9A09C4F1} = {4F6AEC3A-15F3-46F8-8AE2-0FF105D92960}
	EndGlobalSection
EndGlobal
