
Microsoft Visual Studio Solution File, Format Version 12.00
# Visual Studio 15
VisualStudioVersion = 15.0.27130.2024
MinimumVisualStudioVersion = 10.0.40219.1
Project("{FAE04EC0-301F-11D3-BF4B-00C04F79EFBC}") = "Glyph", "Glyph\Glyph.csproj", "{457CBBF3-26C7-478B-B4EB-1F85FF3C07F5}"
EndProject
Project("{FAE04EC0-301F-11D3-BF4B-00C04F79EFBC}") = "Glyph.Audio", "Glyph.Audio\Glyph.Audio.csproj", "{46AA8A4B-5A43-45F3-99E4-B7BAD0D47FEA}"
EndProject
Project("{FAE04EC0-301F-11D3-BF4B-00C04F79EFBC}") = "Glyph.Tools", "Glyph.Tools\Glyph.Tools.csproj", "{6692F3F4-E1EA-4D53-B0A1-2DBA67414FC2}"
EndProject
Project("{FAE04EC0-301F-11D3-BF4B-00C04F79EFBC}") = "Glyph.UI", "Glyph.UI\Glyph.UI.csproj", "{47E66422-AEFC-4B28-92C3-356FFD2E783C}"
EndProject
Project("{FAE04EC0-301F-11D3-BF4B-00C04F79EFBC}") = "Glyph.Scripting", "Glyph.Scripting\Glyph.Scripting.csproj", "{71BD4FA9-4CA8-426B-92D0-D32CF9D40794}"
EndProject
Project("{2150E333-8FDC-42A3-9474-1A3956D46DE8}") = "External", "External", "{4F6AEC3A-15F3-46F8-8AE2-0FF105D92960}"
EndProject
Project("{FAE04EC0-301F-11D3-BF4B-00C04F79EFBC}") = "Glyph.Effects", "Glyph.Effects\Glyph.Effects.csproj", "{C1E7FE9C-0D98-4F1C-A6B2-11DFDB431F8A}"
EndProject
Project("{FAE04EC0-301F-11D3-BF4B-00C04F79EFBC}") = "Glyph.Animation", "Glyph.Animation\Glyph.Animation.csproj", "{2384DA3A-F989-4B1B-9044-A005CE8F4AB6}"
EndProject
Project("{FAE04EC0-301F-11D3-BF4B-00C04F79EFBC}") = "Glyph.Graphics", "Glyph.Graphics\Glyph.Graphics.csproj", "{CC4D895F-646F-43C8-B25E-81CF5803ED7A}"
EndProject
Project("{FAE04EC0-301F-11D3-BF4B-00C04F79EFBC}") = "Glyph.Composition", "Glyph.Composition\Glyph.Composition.csproj", "{8D4F4138-EB36-4427-9A2B-10A50723268C}"
EndProject
Project("{FAE04EC0-301F-11D3-BF4B-00C04F79EFBC}") = "Glyph.Application", "Glyph.Application\Glyph.Application.csproj", "{5D6CC7F3-0720-4242-A0FB-678E7D76F147}"
EndProject
Project("{FAE04EC0-301F-11D3-BF4B-00C04F79EFBC}") = "Glyph.Physics", "Glyph.Physics\Glyph.Physics.csproj", "{008028BF-EE7E-4D70-8FD5-14EC3AFA26DA}"
EndProject
Project("{FAE04EC0-301F-11D3-BF4B-00C04F79EFBC}") = "Glyph.Messaging", "Glyph.Messaging\Glyph.Messaging.csproj", "{26405F4B-4532-4F48-A96F-594A70C12B3E}"
EndProject
Project("{FAE04EC0-301F-11D3-BF4B-00C04F79EFBC}") = "Glyph.Space", "Glyph.Space\Glyph.Space.csproj", "{068202CC-E943-4718-9771-62D72E50623E}"
EndProject
Project("{FAE04EC0-301F-11D3-BF4B-00C04F79EFBC}") = "Glyph.Particles", "Glyph.Particles\Glyph.Particles.csproj", "{1070485B-D9FE-4AA2-889A-5F809021C447}"
EndProject
Project("{FAE04EC0-301F-11D3-BF4B-00C04F79EFBC}") = "Glyph.Graphics.Particles", "Glyph.Graphics.Particles\Glyph.Graphics.Particles.csproj", "{5292934A-D0E4-47FD-98FA-0A32B37657D3}"
EndProject
Project("{FAE04EC0-301F-11D3-BF4B-00C04F79EFBC}") = "Glyph.Core", "Glyph.Core\Glyph.Core.csproj", "{BC40E833-0EAA-4BBC-97D8-1541276BBA54}"
EndProject
Project("{FAE04EC0-301F-11D3-BF4B-00C04F79EFBC}") = "Fingear", "External\Fingear\Fingear\Fingear.csproj", "{7EE0B116-6B49-4073-99D8-827DD68B8AE0}"
EndProject
Project("{FAE04EC0-301F-11D3-BF4B-00C04F79EFBC}") = "Fingear.MonoGame", "External\Fingear\Fingear.MonoGame\Fingear.MonoGame.csproj", "{9EEF1863-44BE-423E-A29D-088C23AAC45E}"
EndProject
Project("{9A19103F-16F7-4668-BE54-9A1E7A4F7556}") = "Stave", "External\Fingear\External\Stave\Stave\Stave.csproj", "{38A041E6-5AA9-4C22-B96F-35167F171959}"
EndProject
Project("{FAE04EC0-301F-11D3-BF4B-00C04F79EFBC}") = "Glyph.WpfInterop", "Glyph.WpfInterop\Glyph.WpfInterop.csproj", "{DE8D6CFE-29E2-4B00-A32B-A85A5CA583C6}"
EndProject
Project("{FAE04EC0-301F-11D3-BF4B-00C04F79EFBC}") = "MonoGame.Framework.WpfInterop", "External\MonoGame.Framework.WpfInterop\MonoGame.Framework.WpfInterop\MonoGame.Framework.WpfInterop.csproj", "{809F0D79-AEDC-4754-A213-FDBE97CCD6D6}"
EndProject
Project("{FAE04EC0-301F-11D3-BF4B-00C04F79EFBC}") = "Glyph.Engine", "Glyph.Engine\Glyph.Engine.csproj", "{25400349-233E-404D-BB4E-A0CB4AF893EA}"
EndProject
Project("{2150E333-8FDC-42A3-9474-1A3956D46DE8}") = "Tests", "Tests", "{7C9C9D34-8CD9-4F17-93DE-0F4A9E0698D6}"
EndProject
Project("{FAE04EC0-301F-11D3-BF4B-00C04F79EFBC}") = "Glyph.Tests", "Tests\Glyph.Tests\Glyph.Tests.csproj", "{94DC85AB-7228-4CFD-8EDF-1BA2AA429354}"
EndProject
Project("{9A19103F-16F7-4668-BE54-9A1E7A4F7556}") = "Niddle", "External\Niddle\Niddle\Niddle.csproj", "{91EF736F-8196-4DB7-BDEC-9FE05B14C179}"
EndProject
Project("{9A19103F-16F7-4668-BE54-9A1E7A4F7556}") = "Niddle.Test", "External\Niddle\Tests\Niddle.Test\Niddle.Test.csproj", "{D90142A1-223E-4FD5-8F5E-9E7151D502BE}"
EndProject
Project("{9A19103F-16F7-4668-BE54-9A1E7A4F7556}") = "Taskete", "External\Fingear\External\Taskete\Taskete\Taskete.csproj", "{107E0777-D23D-4EBB-8AA5-687E2DBE1D66}"
EndProject
Project("{9A19103F-16F7-4668-BE54-9A1E7A4F7556}") = "OverGraphed", "External\Fingear\External\Taskete\External\OverGraphed\OverGraphed\OverGraphed.csproj", "{FDCCFF17-1219-4A4F-A674-D989319E5BB4}"
EndProject
Project("{9A19103F-16F7-4668-BE54-9A1E7A4F7556}") = "Simulacra", "External\Simulacra\Simulacra\Simulacra.csproj", "{DFD5170C-D6C2-4815-88ED-6AA011D26D84}"
EndProject
Project("{9A19103F-16F7-4668-BE54-9A1E7A4F7556}") = "Simulacra.Test", "External\Simulacra\Tests\Simulacra.Test\Simulacra.Test.csproj", "{16EACF04-DC57-4343-BE97-24994FB31E3A}"
EndProject
Project("{9A19103F-16F7-4668-BE54-9A1E7A4F7556}") = "Diese.Collections (Stave)", "External\Fingear\External\Stave\Diese.Collections (Stave)\Diese.Collections (Stave).csproj", "{AA20CDF3-72ED-48DA-AE3C-74C6FE9003FB}"
EndProject
Project("{9A19103F-16F7-4668-BE54-9A1E7A4F7556}") = "Diese (Taskete)", "External\Fingear\External\Taskete\Diese (Taskete)\Diese (Taskete).csproj", "{DFDAB89C-1379-4BFA-93C9-75E1E7B16010}"
EndProject
Project("{9A19103F-16F7-4668-BE54-9A1E7A4F7556}") = "Diese.Diagnostics (Glyph)", "Diese.Diagnostics (Glyph)\Diese.Diagnostics (Glyph).csproj", "{9749978A-B0CC-4AD3-926E-323C5D177F0C}"
EndProject
Project("{2150E333-8FDC-42A3-9474-1A3956D46DE8}") = "Demos", "Demos", "{94F5EA39-C8BB-4637-8A4F-FA6C72580560}"
EndProject
Project("{FAE04EC0-301F-11D3-BF4B-00C04F79EFBC}") = "Glyph.Demos.Default", "Demos\Glyph.Demos.Default\Glyph.Demos.Default.csproj", "{22F7867E-4BA9-4D7C-A3DE-24289CAC2E8A}"
EndProject
Global
	GlobalSection(SolutionConfigurationPlatforms) = preSolution
		Debug|Any CPU = Debug|Any CPU
		Release|Any CPU = Release|Any CPU
	EndGlobalSection
	GlobalSection(ProjectConfigurationPlatforms) = postSolution
		{457CBBF3-26C7-478B-B4EB-1F85FF3C07F5}.Debug|Any CPU.ActiveCfg = Debug|Any CPU
		{457CBBF3-26C7-478B-B4EB-1F85FF3C07F5}.Debug|Any CPU.Build.0 = Debug|Any CPU
		{457CBBF3-26C7-478B-B4EB-1F85FF3C07F5}.Release|Any CPU.ActiveCfg = Release|Any CPU
		{457CBBF3-26C7-478B-B4EB-1F85FF3C07F5}.Release|Any CPU.Build.0 = Release|Any CPU
		{46AA8A4B-5A43-45F3-99E4-B7BAD0D47FEA}.Debug|Any CPU.ActiveCfg = Debug|Any CPU
		{46AA8A4B-5A43-45F3-99E4-B7BAD0D47FEA}.Debug|Any CPU.Build.0 = Debug|Any CPU
		{46AA8A4B-5A43-45F3-99E4-B7BAD0D47FEA}.Release|Any CPU.ActiveCfg = Release|Any CPU
		{46AA8A4B-5A43-45F3-99E4-B7BAD0D47FEA}.Release|Any CPU.Build.0 = Release|Any CPU
		{6692F3F4-E1EA-4D53-B0A1-2DBA67414FC2}.Debug|Any CPU.ActiveCfg = Debug|Any CPU
		{6692F3F4-E1EA-4D53-B0A1-2DBA67414FC2}.Debug|Any CPU.Build.0 = Debug|Any CPU
		{6692F3F4-E1EA-4D53-B0A1-2DBA67414FC2}.Release|Any CPU.ActiveCfg = Release|Any CPU
		{6692F3F4-E1EA-4D53-B0A1-2DBA67414FC2}.Release|Any CPU.Build.0 = Release|Any CPU
		{47E66422-AEFC-4B28-92C3-356FFD2E783C}.Debug|Any CPU.ActiveCfg = Debug|Any CPU
		{47E66422-AEFC-4B28-92C3-356FFD2E783C}.Debug|Any CPU.Build.0 = Debug|Any CPU
		{47E66422-AEFC-4B28-92C3-356FFD2E783C}.Release|Any CPU.ActiveCfg = Release|Any CPU
		{47E66422-AEFC-4B28-92C3-356FFD2E783C}.Release|Any CPU.Build.0 = Release|Any CPU
		{71BD4FA9-4CA8-426B-92D0-D32CF9D40794}.Debug|Any CPU.ActiveCfg = Debug|Any CPU
		{71BD4FA9-4CA8-426B-92D0-D32CF9D40794}.Debug|Any CPU.Build.0 = Debug|Any CPU
		{71BD4FA9-4CA8-426B-92D0-D32CF9D40794}.Release|Any CPU.ActiveCfg = Release|Any CPU
		{71BD4FA9-4CA8-426B-92D0-D32CF9D40794}.Release|Any CPU.Build.0 = Release|Any CPU
		{C1E7FE9C-0D98-4F1C-A6B2-11DFDB431F8A}.Debug|Any CPU.ActiveCfg = Debug|Any CPU
		{C1E7FE9C-0D98-4F1C-A6B2-11DFDB431F8A}.Debug|Any CPU.Build.0 = Debug|Any CPU
		{C1E7FE9C-0D98-4F1C-A6B2-11DFDB431F8A}.Release|Any CPU.ActiveCfg = Release|Any CPU
		{C1E7FE9C-0D98-4F1C-A6B2-11DFDB431F8A}.Release|Any CPU.Build.0 = Release|Any CPU
		{2384DA3A-F989-4B1B-9044-A005CE8F4AB6}.Debug|Any CPU.ActiveCfg = Debug|Any CPU
		{2384DA3A-F989-4B1B-9044-A005CE8F4AB6}.Debug|Any CPU.Build.0 = Debug|Any CPU
		{2384DA3A-F989-4B1B-9044-A005CE8F4AB6}.Release|Any CPU.ActiveCfg = Release|Any CPU
		{2384DA3A-F989-4B1B-9044-A005CE8F4AB6}.Release|Any CPU.Build.0 = Release|Any CPU
		{CC4D895F-646F-43C8-B25E-81CF5803ED7A}.Debug|Any CPU.ActiveCfg = Debug|Any CPU
		{CC4D895F-646F-43C8-B25E-81CF5803ED7A}.Debug|Any CPU.Build.0 = Debug|Any CPU
		{CC4D895F-646F-43C8-B25E-81CF5803ED7A}.Release|Any CPU.ActiveCfg = Release|Any CPU
		{CC4D895F-646F-43C8-B25E-81CF5803ED7A}.Release|Any CPU.Build.0 = Release|Any CPU
		{8D4F4138-EB36-4427-9A2B-10A50723268C}.Debug|Any CPU.ActiveCfg = Debug|Any CPU
		{8D4F4138-EB36-4427-9A2B-10A50723268C}.Debug|Any CPU.Build.0 = Debug|Any CPU
		{8D4F4138-EB36-4427-9A2B-10A50723268C}.Release|Any CPU.ActiveCfg = Release|Any CPU
		{8D4F4138-EB36-4427-9A2B-10A50723268C}.Release|Any CPU.Build.0 = Release|Any CPU
		{5D6CC7F3-0720-4242-A0FB-678E7D76F147}.Debug|Any CPU.ActiveCfg = Debug|Any CPU
		{5D6CC7F3-0720-4242-A0FB-678E7D76F147}.Debug|Any CPU.Build.0 = Debug|Any CPU
		{5D6CC7F3-0720-4242-A0FB-678E7D76F147}.Release|Any CPU.ActiveCfg = Release|Any CPU
		{5D6CC7F3-0720-4242-A0FB-678E7D76F147}.Release|Any CPU.Build.0 = Release|Any CPU
		{008028BF-EE7E-4D70-8FD5-14EC3AFA26DA}.Debug|Any CPU.ActiveCfg = Debug|Any CPU
		{008028BF-EE7E-4D70-8FD5-14EC3AFA26DA}.Debug|Any CPU.Build.0 = Debug|Any CPU
		{008028BF-EE7E-4D70-8FD5-14EC3AFA26DA}.Release|Any CPU.ActiveCfg = Release|Any CPU
		{008028BF-EE7E-4D70-8FD5-14EC3AFA26DA}.Release|Any CPU.Build.0 = Release|Any CPU
		{26405F4B-4532-4F48-A96F-594A70C12B3E}.Debug|Any CPU.ActiveCfg = Debug|Any CPU
		{26405F4B-4532-4F48-A96F-594A70C12B3E}.Debug|Any CPU.Build.0 = Debug|Any CPU
		{26405F4B-4532-4F48-A96F-594A70C12B3E}.Release|Any CPU.ActiveCfg = Release|Any CPU
		{26405F4B-4532-4F48-A96F-594A70C12B3E}.Release|Any CPU.Build.0 = Release|Any CPU
		{068202CC-E943-4718-9771-62D72E50623E}.Debug|Any CPU.ActiveCfg = Debug|Any CPU
		{068202CC-E943-4718-9771-62D72E50623E}.Debug|Any CPU.Build.0 = Debug|Any CPU
		{068202CC-E943-4718-9771-62D72E50623E}.Release|Any CPU.ActiveCfg = Release|Any CPU
		{068202CC-E943-4718-9771-62D72E50623E}.Release|Any CPU.Build.0 = Release|Any CPU
		{1070485B-D9FE-4AA2-889A-5F809021C447}.Debug|Any CPU.ActiveCfg = Debug|Any CPU
		{1070485B-D9FE-4AA2-889A-5F809021C447}.Debug|Any CPU.Build.0 = Debug|Any CPU
		{1070485B-D9FE-4AA2-889A-5F809021C447}.Release|Any CPU.ActiveCfg = Release|Any CPU
		{1070485B-D9FE-4AA2-889A-5F809021C447}.Release|Any CPU.Build.0 = Release|Any CPU
		{5292934A-D0E4-47FD-98FA-0A32B37657D3}.Debug|Any CPU.ActiveCfg = Debug|Any CPU
		{5292934A-D0E4-47FD-98FA-0A32B37657D3}.Debug|Any CPU.Build.0 = Debug|Any CPU
		{5292934A-D0E4-47FD-98FA-0A32B37657D3}.Release|Any CPU.ActiveCfg = Release|Any CPU
		{5292934A-D0E4-47FD-98FA-0A32B37657D3}.Release|Any CPU.Build.0 = Release|Any CPU
		{BC40E833-0EAA-4BBC-97D8-1541276BBA54}.Debug|Any CPU.ActiveCfg = Debug|Any CPU
		{BC40E833-0EAA-4BBC-97D8-1541276BBA54}.Debug|Any CPU.Build.0 = Debug|Any CPU
		{BC40E833-0EAA-4BBC-97D8-1541276BBA54}.Release|Any CPU.ActiveCfg = Release|Any CPU
		{BC40E833-0EAA-4BBC-97D8-1541276BBA54}.Release|Any CPU.Build.0 = Release|Any CPU
		{7EE0B116-6B49-4073-99D8-827DD68B8AE0}.Debug|Any CPU.ActiveCfg = Debug|Any CPU
		{7EE0B116-6B49-4073-99D8-827DD68B8AE0}.Debug|Any CPU.Build.0 = Debug|Any CPU
		{7EE0B116-6B49-4073-99D8-827DD68B8AE0}.Release|Any CPU.ActiveCfg = Release|Any CPU
		{7EE0B116-6B49-4073-99D8-827DD68B8AE0}.Release|Any CPU.Build.0 = Release|Any CPU
		{9EEF1863-44BE-423E-A29D-088C23AAC45E}.Debug|Any CPU.ActiveCfg = Debug|Any CPU
		{9EEF1863-44BE-423E-A29D-088C23AAC45E}.Debug|Any CPU.Build.0 = Debug|Any CPU
		{9EEF1863-44BE-423E-A29D-088C23AAC45E}.Release|Any CPU.ActiveCfg = Release|Any CPU
		{9EEF1863-44BE-423E-A29D-088C23AAC45E}.Release|Any CPU.Build.0 = Release|Any CPU
		{38A041E6-5AA9-4C22-B96F-35167F171959}.Debug|Any CPU.ActiveCfg = Debug|Any CPU
		{38A041E6-5AA9-4C22-B96F-35167F171959}.Debug|Any CPU.Build.0 = Debug|Any CPU
		{38A041E6-5AA9-4C22-B96F-35167F171959}.Release|Any CPU.ActiveCfg = Release|Any CPU
		{38A041E6-5AA9-4C22-B96F-35167F171959}.Release|Any CPU.Build.0 = Release|Any CPU
		{DE8D6CFE-29E2-4B00-A32B-A85A5CA583C6}.Debug|Any CPU.ActiveCfg = Debug|Any CPU
		{DE8D6CFE-29E2-4B00-A32B-A85A5CA583C6}.Debug|Any CPU.Build.0 = Debug|Any CPU
		{DE8D6CFE-29E2-4B00-A32B-A85A5CA583C6}.Release|Any CPU.ActiveCfg = Release|Any CPU
		{DE8D6CFE-29E2-4B00-A32B-A85A5CA583C6}.Release|Any CPU.Build.0 = Release|Any CPU
		{809F0D79-AEDC-4754-A213-FDBE97CCD6D6}.Debug|Any CPU.ActiveCfg = Debug|Any CPU
		{809F0D79-AEDC-4754-A213-FDBE97CCD6D6}.Debug|Any CPU.Build.0 = Debug|Any CPU
		{809F0D79-AEDC-4754-A213-FDBE97CCD6D6}.Release|Any CPU.ActiveCfg = Release|Any CPU
		{809F0D79-AEDC-4754-A213-FDBE97CCD6D6}.Release|Any CPU.Build.0 = Release|Any CPU
		{25400349-233E-404D-BB4E-A0CB4AF893EA}.Debug|Any CPU.ActiveCfg = Debug|Any CPU
		{25400349-233E-404D-BB4E-A0CB4AF893EA}.Debug|Any CPU.Build.0 = Debug|Any CPU
		{25400349-233E-404D-BB4E-A0CB4AF893EA}.Release|Any CPU.ActiveCfg = Release|Any CPU
		{25400349-233E-404D-BB4E-A0CB4AF893EA}.Release|Any CPU.Build.0 = Release|Any CPU
		{94DC85AB-7228-4CFD-8EDF-1BA2AA429354}.Debug|Any CPU.ActiveCfg = Debug|Any CPU
		{94DC85AB-7228-4CFD-8EDF-1BA2AA429354}.Debug|Any CPU.Build.0 = Debug|Any CPU
		{94DC85AB-7228-4CFD-8EDF-1BA2AA429354}.Release|Any CPU.ActiveCfg = Release|Any CPU
		{94DC85AB-7228-4CFD-8EDF-1BA2AA429354}.Release|Any CPU.Build.0 = Release|Any CPU
		{91EF736F-8196-4DB7-BDEC-9FE05B14C179}.Debug|Any CPU.ActiveCfg = Debug|Any CPU
		{91EF736F-8196-4DB7-BDEC-9FE05B14C179}.Debug|Any CPU.Build.0 = Debug|Any CPU
		{91EF736F-8196-4DB7-BDEC-9FE05B14C179}.Release|Any CPU.ActiveCfg = Release|Any CPU
		{91EF736F-8196-4DB7-BDEC-9FE05B14C179}.Release|Any CPU.Build.0 = Release|Any CPU
		{D90142A1-223E-4FD5-8F5E-9E7151D502BE}.Debug|Any CPU.ActiveCfg = Debug|Any CPU
		{D90142A1-223E-4FD5-8F5E-9E7151D502BE}.Debug|Any CPU.Build.0 = Debug|Any CPU
		{D90142A1-223E-4FD5-8F5E-9E7151D502BE}.Release|Any CPU.ActiveCfg = Release|Any CPU
		{D90142A1-223E-4FD5-8F5E-9E7151D502BE}.Release|Any CPU.Build.0 = Release|Any CPU
		{107E0777-D23D-4EBB-8AA5-687E2DBE1D66}.Debug|Any CPU.ActiveCfg = Debug|Any CPU
		{107E0777-D23D-4EBB-8AA5-687E2DBE1D66}.Debug|Any CPU.Build.0 = Debug|Any CPU
		{107E0777-D23D-4EBB-8AA5-687E2DBE1D66}.Release|Any CPU.ActiveCfg = Release|Any CPU
		{107E0777-D23D-4EBB-8AA5-687E2DBE1D66}.Release|Any CPU.Build.0 = Release|Any CPU
		{FDCCFF17-1219-4A4F-A674-D989319E5BB4}.Debug|Any CPU.ActiveCfg = Debug|Any CPU
		{FDCCFF17-1219-4A4F-A674-D989319E5BB4}.Debug|Any CPU.Build.0 = Debug|Any CPU
		{FDCCFF17-1219-4A4F-A674-D989319E5BB4}.Release|Any CPU.ActiveCfg = Release|Any CPU
		{FDCCFF17-1219-4A4F-A674-D989319E5BB4}.Release|Any CPU.Build.0 = Release|Any CPU
		{DFD5170C-D6C2-4815-88ED-6AA011D26D84}.Debug|Any CPU.ActiveCfg = Debug|Any CPU
		{DFD5170C-D6C2-4815-88ED-6AA011D26D84}.Debug|Any CPU.Build.0 = Debug|Any CPU
		{DFD5170C-D6C2-4815-88ED-6AA011D26D84}.Release|Any CPU.ActiveCfg = Release|Any CPU
		{DFD5170C-D6C2-4815-88ED-6AA011D26D84}.Release|Any CPU.Build.0 = Release|Any CPU
		{16EACF04-DC57-4343-BE97-24994FB31E3A}.Debug|Any CPU.ActiveCfg = Debug|Any CPU
		{16EACF04-DC57-4343-BE97-24994FB31E3A}.Debug|Any CPU.Build.0 = Debug|Any CPU
		{16EACF04-DC57-4343-BE97-24994FB31E3A}.Release|Any CPU.ActiveCfg = Release|Any CPU
		{16EACF04-DC57-4343-BE97-24994FB31E3A}.Release|Any CPU.Build.0 = Release|Any CPU
		{AA20CDF3-72ED-48DA-AE3C-74C6FE9003FB}.Debug|Any CPU.ActiveCfg = Debug|Any CPU
		{AA20CDF3-72ED-48DA-AE3C-74C6FE9003FB}.Debug|Any CPU.Build.0 = Debug|Any CPU
		{AA20CDF3-72ED-48DA-AE3C-74C6FE9003FB}.Release|Any CPU.ActiveCfg = Release|Any CPU
		{AA20CDF3-72ED-48DA-AE3C-74C6FE9003FB}.Release|Any CPU.Build.0 = Release|Any CPU
		{DFDAB89C-1379-4BFA-93C9-75E1E7B16010}.Debug|Any CPU.ActiveCfg = Debug|Any CPU
		{DFDAB89C-1379-4BFA-93C9-75E1E7B16010}.Debug|Any CPU.Build.0 = Debug|Any CPU
		{DFDAB89C-1379-4BFA-93C9-75E1E7B16010}.Release|Any CPU.ActiveCfg = Release|Any CPU
		{DFDAB89C-1379-4BFA-93C9-75E1E7B16010}.Release|Any CPU.Build.0 = Release|Any CPU
		{9749978A-B0CC-4AD3-926E-323C5D177F0C}.Debug|Any CPU.ActiveCfg = Debug|Any CPU
		{9749978A-B0CC-4AD3-926E-323C5D177F0C}.Debug|Any CPU.Build.0 = Debug|Any CPU
		{9749978A-B0CC-4AD3-926E-323C5D177F0C}.Release|Any CPU.ActiveCfg = Release|Any CPU
		{9749978A-B0CC-4AD3-926E-323C5D177F0C}.Release|Any CPU.Build.0 = Release|Any CPU
		{22F7867E-4BA9-4D7C-A3DE-24289CAC2E8A}.Debug|Any CPU.ActiveCfg = Debug|Any CPU
		{22F7867E-4BA9-4D7C-A3DE-24289CAC2E8A}.Debug|Any CPU.Build.0 = Debug|Any CPU
		{22F7867E-4BA9-4D7C-A3DE-24289CAC2E8A}.Release|Any CPU.ActiveCfg = Release|Any CPU
		{22F7867E-4BA9-4D7C-A3DE-24289CAC2E8A}.Release|Any CPU.Build.0 = Release|Any CPU
	EndGlobalSection
	GlobalSection(SolutionProperties) = preSolution
		HideSolutionNode = FALSE
	EndGlobalSection
	GlobalSection(NestedProjects) = preSolution
		{7EE0B116-6B49-4073-99D8-827DD68B8AE0} = {4F6AEC3A-15F3-46F8-8AE2-0FF105D92960}
		{9EEF1863-44BE-423E-A29D-088C23AAC45E} = {4F6AEC3A-15F3-46F8-8AE2-0FF105D92960}
		{38A041E6-5AA9-4C22-B96F-35167F171959} = {4F6AEC3A-15F3-46F8-8AE2-0FF105D92960}
		{809F0D79-AEDC-4754-A213-FDBE97CCD6D6} = {4F6AEC3A-15F3-46F8-8AE2-0FF105D92960}
		{94DC85AB-7228-4CFD-8EDF-1BA2AA429354} = {7C9C9D34-8CD9-4F17-93DE-0F4A9E0698D6}
		{91EF736F-8196-4DB7-BDEC-9FE05B14C179} = {4F6AEC3A-15F3-46F8-8AE2-0FF105D92960}
		{D90142A1-223E-4FD5-8F5E-9E7151D502BE} = {7C9C9D34-8CD9-4F17-93DE-0F4A9E0698D6}
		{107E0777-D23D-4EBB-8AA5-687E2DBE1D66} = {4F6AEC3A-15F3-46F8-8AE2-0FF105D92960}
		{FDCCFF17-1219-4A4F-A674-D989319E5BB4} = {4F6AEC3A-15F3-46F8-8AE2-0FF105D92960}
		{DFD5170C-D6C2-4815-88ED-6AA011D26D84} = {4F6AEC3A-15F3-46F8-8AE2-0FF105D92960}
		{16EACF04-DC57-4343-BE97-24994FB31E3A} = {7C9C9D34-8CD9-4F17-93DE-0F4A9E0698D6}
		{AA20CDF3-72ED-48DA-AE3C-74C6FE9003FB} = {4F6AEC3A-15F3-46F8-8AE2-0FF105D92960}
		{DFDAB89C-1379-4BFA-93C9-75E1E7B16010} = {4F6AEC3A-15F3-46F8-8AE2-0FF105D92960}
		{9749978A-B0CC-4AD3-926E-323C5D177F0C} = {4F6AEC3A-15F3-46F8-8AE2-0FF105D92960}
		{22F7867E-4BA9-4D7C-A3DE-24289CAC2E8A} = {94F5EA39-C8BB-4637-8A4F-FA6C72580560}
	EndGlobalSection
	GlobalSection(ExtensibilityGlobals) = postSolution
		SolutionGuid = {484F9B0D-760F-48AD-893C-CCFB7A1CF541}
	EndGlobalSection
EndGlobal
